
Microsoft Visual Studio Solution File, Format Version 12.00
# Visual Studio Version 16
VisualStudioVersion = 16.0.30717.126
MinimumVisualStudioVersion = 15.0.26124.0
Project("{9A19103F-16F7-4668-BE54-9A1E7A4F7556}") = "Xapu.Extensions.Selects", "src\Xapu.Extensions.Selects\Xapu.Extensions.Selects.csproj", "{92007201-8987-46EF-9758-9E141259409A}"
EndProject
Project("{9A19103F-16F7-4668-BE54-9A1E7A4F7556}") = "Xapu.Extensions.Selects.Tests", "src\Xapu.Extensions.Selects.Tests\Xapu.Extensions.Selects.Tests.csproj", "{34E96A22-1CAE-4624-94C6-9D65D1062C34}"
EndProject
Global
	GlobalSection(SolutionConfigurationPlatforms) = preSolution
		Debug|Any CPU = Debug|Any CPU
		Release|Any CPU = Release|Any CPU
	EndGlobalSection
	GlobalSection(ProjectConfigurationPlatforms) = postSolution
		{92007201-8987-46EF-9758-9E141259409A}.Debug|Any CPU.ActiveCfg = Debug|Any CPU
		{92007201-8987-46EF-9758-9E141259409A}.Debug|Any CPU.Build.0 = Debug|Any CPU
		{92007201-8987-46EF-9758-9E141259409A}.Release|Any CPU.ActiveCfg = Release|Any CPU
		{92007201-8987-46EF-9758-9E141259409A}.Release|Any CPU.Build.0 = Release|Any CPU
		{34E96A22-1CAE-4624-94C6-9D65D1062C34}.Debug|Any CPU.ActiveCfg = Debug|Any CPU
		{34E96A22-1CAE-4624-94C6-9D65D1062C34}.Debug|Any CPU.Build.0 = Debug|Any CPU
		{34E96A22-1CAE-4624-94C6-9D65D1062C34}.Release|Any CPU.ActiveCfg = Release|Any CPU
		{34E96A22-1CAE-4624-94C6-9D65D1062C34}.Release|Any CPU.Build.0 = Release|Any CPU
	EndGlobalSection
	GlobalSection(SolutionProperties) = preSolution
		HideSolutionNode = FALSE
	EndGlobalSection
	GlobalSection(ExtensibilityGlobals) = postSolution
		SolutionGuid = {A67F9D4A-894F-4492-83AF-A30380C36D8D}
	EndGlobalSection
EndGlobal
